
Microsoft Visual Studio Solution File, Format Version 12.00
# Visual Studio Version 17
VisualStudioVersion = 17.14.36429.23
MinimumVisualStudioVersion = 10.0.40219.1
Project("{8BC9CEB8-8B4A-11D0-8D11-00A0C91BC942}") = "7week1", "7week1\7week1.vcxproj", "{73EAC71F-0728-4E0D-A8B8-E1E15AC4EDFE}"
EndProject
Project("{8BC9CEB8-8B4A-11D0-8D11-00A0C91BC942}") = "7week2", "7week2\7week2.vcxproj", "{C7250B09-2B73-42B8-9CB4-12D6A00AB179}"
EndProject
Project("{8BC9CEB8-8B4A-11D0-8D11-00A0C91BC942}") = "7week3", "7week3\7week3.vcxproj", "{184096A2-5451-40E9-91A3-3F74EE364F6F}"
EndProject
Project("{8BC9CEB8-8B4A-11D0-8D11-00A0C91BC942}") = "7week4", "7week4\7week4.vcxproj", "{3D4A75A4-76F7-44C7-96B4-99EBCB6359C8}"
EndProject
Project("{8BC9CEB8-8B4A-11D0-8D11-00A0C91BC942}") = "7week5", "7week5\7week5.vcxproj", "{9D71CD29-E101-4339-BE67-234FD5D6C7B1}"
EndProject
Project("{8BC9CEB8-8B4A-11D0-8D11-00A0C91BC942}") = "7week6", "7week6\7week6.vcxproj", "{5B8080DD-01EC-462D-96DE-0DB166059CAB}"
EndProject
Project("{8BC9CEB8-8B4A-11D0-8D11-00A0C91BC942}") = "7week7", "7week7\7week7.vcxproj", "{684C5426-053F-4E31-BBBF-21AFC5E6B6B0}"
EndProject
Project("{8BC9CEB8-8B4A-11D0-8D11-00A0C91BC942}") = "7week8", "7week8\7week8.vcxproj", "{A84599FE-714C-4AE1-9CF7-64AAEA7BA044}"
EndProject
Project("{8BC9CEB8-8B4A-11D0-8D11-00A0C91BC942}") = "7week9", "7week9\7week9.vcxproj", "{3096A579-EA96-4FD5-B944-70995773F2E8}"
EndProject
Project("{8BC9CEB8-8B4A-11D0-8D11-00A0C91BC942}") = "7week10", "7week10\7week10.vcxproj", "{FFC61AE6-7386-4E44-BE89-F507CB860B10}"
EndProject
Project("{8BC9CEB8-8B4A-11D0-8D11-00A0C91BC942}") = "7week11", "7week11\7week11.vcxproj", "{1895D773-D389-4277-B04B-1678E4F6F213}"
EndProject
Project("{8BC9CEB8-8B4A-11D0-8D11-00A0C91BC942}") = "7week12", "7week12\7week12.vcxproj", "{48C98C6D-E422-43D8-92CC-EFBB677EFA67}"
EndProject
Project("{8BC9CEB8-8B4A-11D0-8D11-00A0C91BC942}") = "7week13", "7week13\7week13.vcxproj", "{08BE0306-E118-4552-A86A-FABB615773FF}"
EndProject
Global
	GlobalSection(SolutionConfigurationPlatforms) = preSolution
		Debug|x64 = Debug|x64
		Debug|x86 = Debug|x86
		Release|x64 = Release|x64
		Release|x86 = Release|x86
	EndGlobalSection
	GlobalSection(ProjectConfigurationPlatforms) = postSolution
		{73EAC71F-0728-4E0D-A8B8-E1E15AC4EDFE}.Debug|x64.ActiveCfg = Debug|x64
		{73EAC71F-0728-4E0D-A8B8-E1E15AC4EDFE}.Debug|x64.Build.0 = Debug|x64
		{73EAC71F-0728-4E0D-A8B8-E1E15AC4EDFE}.Debug|x86.ActiveCfg = Debug|Win32
		{73EAC71F-0728-4E0D-A8B8-E1E15AC4EDFE}.Debug|x86.Build.0 = Debug|Win32
		{73EAC71F-0728-4E0D-A8B8-E1E15AC4EDFE}.Release|x64.ActiveCfg = Release|x64
		{73EAC71F-0728-4E0D-A8B8-E1E15AC4EDFE}.Release|x64.Build.0 = Release|x64
		{73EAC71F-0728-4E0D-A8B8-E1E15AC4EDFE}.Release|x86.ActiveCfg = Release|Win32
		{73EAC71F-0728-4E0D-A8B8-E1E15AC4EDFE}.Release|x86.Build.0 = Release|Win32
		{C7250B09-2B73-42B8-9CB4-12D6A00AB179}.Debug|x64.ActiveCfg = Debug|x64
		{C7250B09-2B73-42B8-9CB4-12D6A00AB179}.Debug|x64.Build.0 = Debug|x64
		{C7250B09-2B73-42B8-9CB4-12D6A00AB179}.Debug|x86.ActiveCfg = Debug|Win32
		{C7250B09-2B73-42B8-9CB4-12D6A00AB179}.Debug|x86.Build.0 = Debug|Win32
		{C7250B09-2B73-42B8-9CB4-12D6A00AB179}.Release|x64.ActiveCfg = Release|x64
		{C7250B09-2B73-42B8-9CB4-12D6A00AB179}.Release|x64.Build.0 = Release|x64
		{C7250B09-2B73-42B8-9CB4-12D6A00AB179}.Release|x86.ActiveCfg = Release|Win32
		{C7250B09-2B73-42B8-9CB4-12D6A00AB179}.Release|x86.Build.0 = Release|Win32
		{184096A2-5451-40E9-91A3-3F74EE364F6F}.Debug|x64.ActiveCfg = Debug|x64
		{184096A2-5451-40E9-91A3-3F74EE364F6F}.Debug|x64.Build.0 = Debug|x64
		{184096A2-5451-40E9-91A3-3F74EE364F6F}.Debug|x86.ActiveCfg = Debug|Win32
		{184096A2-5451-40E9-91A3-3F74EE364F6F}.Debug|x86.Build.0 = Debug|Win32
		{184096A2-5451-40E9-91A3-3F74EE364F6F}.Release|x64.ActiveCfg = Release|x64
		{184096A2-5451-40E9-91A3-3F74EE364F6F}.Release|x64.Build.0 = Release|x64
		{184096A2-5451-40E9-91A3-3F74EE364F6F}.Release|x86.ActiveCfg = Release|Win32
		{184096A2-5451-40E9-91A3-3F74EE364F6F}.Release|x86.Build.0 = Release|Win32
		{3D4A75A4-76F7-44C7-96B4-99EBCB6359C8}.Debug|x64.ActiveCfg = Debug|x64
		{3D4A75A4-76F7-44C7-96B4-99EBCB6359C8}.Debug|x64.Build.0 = Debug|x64
		{3D4A75A4-76F7-44C7-96B4-99EBCB6359C8}.Debug|x86.ActiveCfg = Debug|Win32
		{3D4A75A4-76F7-44C7-96B4-99EBCB6359C8}.Debug|x86.Build.0 = Debug|Win32
		{3D4A75A4-76F7-44C7-96B4-99EBCB6359C8}.Release|x64.ActiveCfg = Release|x64
		{3D4A75A4-76F7-44C7-96B4-99EBCB6359C8}.Release|x64.Build.0 = Release|x64
		{3D4A75A4-76F7-44C7-96B4-99EBCB6359C8}.Release|x86.ActiveCfg = Release|Win32
		{3D4A75A4-76F7-44C7-96B4-99EBCB6359C8}.Release|x86.Build.0 = Release|Win32
		{9D71CD29-E101-4339-BE67-234FD5D6C7B1}.Debug|x64.ActiveCfg = Debug|x64
		{9D71CD29-E101-4339-BE67-234FD5D6C7B1}.Debug|x64.Build.0 = Debug|x64
		{9D71CD29-E101-4339-BE67-234FD5D6C7B1}.Debug|x86.ActiveCfg = Debug|Win32
		{9D71CD29-E101-4339-BE67-234FD5D6C7B1}.Debug|x86.Build.0 = Debug|Win32
		{9D71CD29-E101-4339-BE67-234FD5D6C7B1}.Release|x64.ActiveCfg = Release|x64
		{9D71CD29-E101-4339-BE67-234FD5D6C7B1}.Release|x64.Build.0 = Release|x64
		{9D71CD29-E101-4339-BE67-234FD5D6C7B1}.Release|x86.ActiveCfg = Release|Win32
		{9D71CD29-E101-4339-BE67-234FD5D6C7B1}.Release|x86.Build.0 = Release|Win32
		{5B8080DD-01EC-462D-96DE-0DB166059CAB}.Debug|x64.ActiveCfg = Debug|x64
		{5B8080DD-01EC-462D-96DE-0DB166059CAB}.Debug|x64.Build.0 = Debug|x64
		{5B8080DD-01EC-462D-96DE-0DB166059CAB}.Debug|x86.ActiveCfg = Debug|Win32
		{5B8080DD-01EC-462D-96DE-0DB166059CAB}.Debug|x86.Build.0 = Debug|Win32
		{5B8080DD-01EC-462D-96DE-0DB166059CAB}.Release|x64.ActiveCfg = Release|x64
		{5B8080DD-01EC-462D-96DE-0DB166059CAB}.Release|x64.Build.0 = Release|x64
		{5B8080DD-01EC-462D-96DE-0DB166059CAB}.Release|x86.ActiveCfg = Release|Win32
		{5B8080DD-01EC-462D-96DE-0DB166059CAB}.Release|x86.Build.0 = Release|Win32
		{684C5426-053F-4E31-BBBF-21AFC5E6B6B0}.Debug|x64.ActiveCfg = Debug|x64
		{684C5426-053F-4E31-BBBF-21AFC5E6B6B0}.Debug|x64.Build.0 = Debug|x64
		{684C5426-053F-4E31-BBBF-21AFC5E6B6B0}.Debug|x86.ActiveCfg = Debug|Win32
		{684C5426-053F-4E31-BBBF-21AFC5E6B6B0}.Debug|x86.Build.0 = Debug|Win32
		{684C5426-053F-4E31-BBBF-21AFC5E6B6B0}.Release|x64.ActiveCfg = Release|x64
		{684C5426-053F-4E31-BBBF-21AFC5E6B6B0}.Release|x64.Build.0 = Release|x64
		{684C5426-053F-4E31-BBBF-21AFC5E6B6B0}.Release|x86.ActiveCfg = Release|Win32
		{684C5426-053F-4E31-BBBF-21AFC5E6B6B0}.Release|x86.Build.0 = Release|Win32
		{A84599FE-714C-4AE1-9CF7-64AAEA7BA044}.Debug|x64.ActiveCfg = Debug|x64
		{A84599FE-714C-4AE1-9CF7-64AAEA7BA044}.Debug|x64.Build.0 = Debug|x64
		{A84599FE-714C-4AE1-9CF7-64AAEA7BA044}.Debug|x86.ActiveCfg = Debug|Win32
		{A84599FE-714C-4AE1-9CF7-64AAEA7BA044}.Debug|x86.Build.0 = Debug|Win32
		{A84599FE-714C-4AE1-9CF7-64AAEA7BA044}.Release|x64.ActiveCfg = Release|x64
		{A84599FE-714C-4AE1-9CF7-64AAEA7BA044}.Release|x64.Build.0 = Release|x64
		{A84599FE-714C-4AE1-9CF7-64AAEA7BA044}.Release|x86.ActiveCfg = Release|Win32
		{A84599FE-714C-4AE1-9CF7-64AAEA7BA044}.Release|x86.Build.0 = Release|Win32
		{3096A579-EA96-4FD5-B944-70995773F2E8}.Debug|x64.ActiveCfg = Debug|x64
		{3096A579-EA96-4FD5-B944-70995773F2E8}.Debug|x64.Build.0 = Debug|x64
		{3096A579-EA96-4FD5-B944-70995773F2E8}.Debug|x86.ActiveCfg = Debug|Win32
		{3096A579-EA96-4FD5-B944-70995773F2E8}.Debug|x86.Build.0 = Debug|Win32
		{3096A579-EA96-4FD5-B944-70995773F2E8}.Release|x64.ActiveCfg = Release|x64
		{3096A579-EA96-4FD5-B944-70995773F2E8}.Release|x64.Build.0 = Release|x64
		{3096A579-EA96-4FD5-B944-70995773F2E8}.Release|x86.ActiveCfg = Release|Win32
		{3096A579-EA96-4FD5-B944-70995773F2E8}.Release|x86.Build.0 = Release|Win32
		{FFC61AE6-7386-4E44-BE89-F507CB860B10}.Debug|x64.ActiveCfg = Debug|x64
		{FFC61AE6-7386-4E44-BE89-F507CB860B10}.Debug|x64.Build.0 = Debug|x64
		{FFC61AE6-7386-4E44-BE89-F507CB860B10}.Debug|x86.ActiveCfg = Debug|Win32
		{FFC61AE6-7386-4E44-BE89-F507CB860B10}.Debug|x86.Build.0 = Debug|Win32
		{FFC61AE6-7386-4E44-BE89-F507CB860B10}.Release|x64.ActiveCfg = Release|x64
		{FFC61AE6-7386-4E44-BE89-F507CB860B10}.Release|x64.Build.0 = Release|x64
		{FFC61AE6-7386-4E44-BE89-F507CB860B10}.Release|x86.ActiveCfg = Release|Win32
		{FFC61AE6-7386-4E44-BE89-F507CB860B10}.Release|x86.Build.0 = Release|Win32
		{1895D773-D389-4277-B04B-1678E4F6F213}.Debug|x64.ActiveCfg = Debug|x64
		{1895D773-D389-4277-B04B-1678E4F6F213}.Debug|x64.Build.0 = Debug|x64
		{1895D773-D389-4277-B04B-1678E4F6F213}.Debug|x86.ActiveCfg = Debug|Win32
		{1895D773-D389-4277-B04B-1678E4F6F213}.Debug|x86.Build.0 = Debug|Win32
		{1895D773-D389-4277-B04B-1678E4F6F213}.Release|x64.ActiveCfg = Release|x64
		{1895D773-D389-4277-B04B-1678E4F6F213}.Release|x64.Build.0 = Release|x64
		{1895D773-D389-4277-B04B-1678E4F6F213}.Release|x86.ActiveCfg = Release|Win32
		{1895D773-D389-4277-B04B-1678E4F6F213}.Release|x86.Build.0 = Release|Win32
		{48C98C6D-E422-43D8-92CC-EFBB677EFA67}.Debug|x64.ActiveCfg = Debug|x64
		{48C98C6D-E422-43D8-92CC-EFBB677EFA67}.Debug|x64.Build.0 = Debug|x64
		{48C98C6D-E422-43D8-92CC-EFBB677EFA67}.Debug|x86.ActiveCfg = Debug|Win32
		{48C98C6D-E422-43D8-92CC-EFBB677EFA67}.Debug|x86.Build.0 = Debug|Win32
		{48C98C6D-E422-43D8-92CC-EFBB677EFA67}.Release|x64.ActiveCfg = Release|x64
		{48C98C6D-E422-43D8-92CC-EFBB677EFA67}.Release|x64.Build.0 = Release|x64
		{48C98C6D-E422-43D8-92CC-EFBB677EFA67}.Release|x86.ActiveCfg = Release|Win32
		{48C98C6D-E422-43D8-92CC-EFBB677EFA67}.Release|x86.Build.0 = Release|Win32
		{08BE0306-E118-4552-A86A-FABB615773FF}.Debug|x64.ActiveCfg = Debug|x64
		{08BE0306-E118-4552-A86A-FABB615773FF}.Debug|x64.Build.0 = Debug|x64
		{08BE0306-E118-4552-A86A-FABB615773FF}.Debug|x86.ActiveCfg = Debug|Win32
		{08BE0306-E118-4552-A86A-FABB615773FF}.Debug|x86.Build.0 = Debug|Win32
		{08BE0306-E118-4552-A86A-FABB615773FF}.Release|x64.ActiveCfg = Release|x64
		{08BE0306-E118-4552-A86A-FABB615773FF}.Release|x64.Build.0 = Release|x64
		{08BE0306-E118-4552-A86A-FABB615773FF}.Release|x86.ActiveCfg = Release|Win32
		{08BE0306-E118-4552-A86A-FABB615773FF}.Release|x86.Build.0 = Release|Win32
	EndGlobalSection
	GlobalSection(SolutionProperties) = preSolution
		HideSolutionNode = FALSE
	EndGlobalSection
	GlobalSection(ExtensibilityGlobals) = postSolution
		SolutionGuid = {8AA2BCCE-54A5-4437-A8DD-E614D221DE2D}
	EndGlobalSection
EndGlobal
